
Microsoft Visual Studio Solution File, Format Version 12.00
# Visual Studio 2012
Project("{FAE04EC0-301F-11D3-BF4B-00C04F79EFBC}") = "CIV", "CIV\CIV.csproj", "{BA759F74-1B88-43E5-B2F5-F2832D8715B1}"
EndProject
Project("{FAE04EC0-301F-11D3-BF4B-00C04F79EFBC}") = "CIV.Test", "CIV.Test\CIV.Test.csproj", "{C64E53EC-6C2C-4C5A-8988-AACC311544DD}"
EndProject
Project("{FAE04EC0-301F-11D3-BF4B-00C04F79EFBC}") = "CIV.Ccs", "CIV.Ccs\CIV.Ccs.csproj", "{C374D555-BE70-4966-B018-1168BEF0F045}"
EndProject
Project("{FAE04EC0-301F-11D3-BF4B-00C04F79EFBC}") = "CIV.Hml", "CIV.Hml\CIV.Hml.csproj", "{582DBE61-D645-49D7-AC87-3848770C848F}"
EndProject
Project("{FAE04EC0-301F-11D3-BF4B-00C04F79EFBC}") = "CIV.Common", "CIV.Common\CIV.Common.csproj", "{F8973B2B-A109-4446-BDD5-6FEE5B2F01D4}"
EndProject
Project("{FAE04EC0-301F-11D3-BF4B-00C04F79EFBC}") = "CIV.Formats", "CIV.Formats\CIV.Formats.csproj", "{2EBF13D5-7380-41E6-B9C8-6A34EAB656F0}"
EndProject
Global
	GlobalSection(SolutionConfigurationPlatforms) = preSolution
		Debug|Any CPU = Debug|Any CPU
		Release|Any CPU = Release|Any CPU
	EndGlobalSection
	GlobalSection(ProjectConfigurationPlatforms) = postSolution
		{BA759F74-1B88-43E5-B2F5-F2832D8715B1}.Debug|Any CPU.ActiveCfg = Debug|Any CPU
		{BA759F74-1B88-43E5-B2F5-F2832D8715B1}.Debug|Any CPU.Build.0 = Debug|Any CPU
		{BA759F74-1B88-43E5-B2F5-F2832D8715B1}.Release|Any CPU.ActiveCfg = Release|Any CPU
		{BA759F74-1B88-43E5-B2F5-F2832D8715B1}.Release|Any CPU.Build.0 = Release|Any CPU
		{C64E53EC-6C2C-4C5A-8988-AACC311544DD}.Debug|Any CPU.ActiveCfg = Debug|Any CPU
		{C64E53EC-6C2C-4C5A-8988-AACC311544DD}.Debug|Any CPU.Build.0 = Debug|Any CPU
		{C64E53EC-6C2C-4C5A-8988-AACC311544DD}.Release|Any CPU.ActiveCfg = Release|Any CPU
		{C64E53EC-6C2C-4C5A-8988-AACC311544DD}.Release|Any CPU.Build.0 = Release|Any CPU
		{C374D555-BE70-4966-B018-1168BEF0F045}.Debug|Any CPU.ActiveCfg = Debug|Any CPU
		{C374D555-BE70-4966-B018-1168BEF0F045}.Debug|Any CPU.Build.0 = Debug|Any CPU
		{C374D555-BE70-4966-B018-1168BEF0F045}.Release|Any CPU.ActiveCfg = Release|Any CPU
		{C374D555-BE70-4966-B018-1168BEF0F045}.Release|Any CPU.Build.0 = Release|Any CPU
		{582DBE61-D645-49D7-AC87-3848770C848F}.Debug|Any CPU.ActiveCfg = Debug|Any CPU
		{582DBE61-D645-49D7-AC87-3848770C848F}.Debug|Any CPU.Build.0 = Debug|Any CPU
		{582DBE61-D645-49D7-AC87-3848770C848F}.Release|Any CPU.ActiveCfg = Release|Any CPU
		{582DBE61-D645-49D7-AC87-3848770C848F}.Release|Any CPU.Build.0 = Release|Any CPU
		{F8973B2B-A109-4446-BDD5-6FEE5B2F01D4}.Debug|Any CPU.ActiveCfg = Debug|Any CPU
		{F8973B2B-A109-4446-BDD5-6FEE5B2F01D4}.Debug|Any CPU.Build.0 = Debug|Any CPU
		{F8973B2B-A109-4446-BDD5-6FEE5B2F01D4}.Release|Any CPU.ActiveCfg = Release|Any CPU
		{F8973B2B-A109-4446-BDD5-6FEE5B2F01D4}.Release|Any CPU.Build.0 = Release|Any CPU
		{2EBF13D5-7380-41E6-B9C8-6A34EAB656F0}.Debug|Any CPU.ActiveCfg = Debug|Any CPU
		{2EBF13D5-7380-41E6-B9C8-6A34EAB656F0}.Debug|Any CPU.Build.0 = Debug|Any CPU
		{2EBF13D5-7380-41E6-B9C8-6A34EAB656F0}.Release|Any CPU.ActiveCfg = Release|Any CPU
		{2EBF13D5-7380-41E6-B9C8-6A34EAB656F0}.Release|Any CPU.Build.0 = Release|Any CPU
	EndGlobalSection
	GlobalSection(MonoDevelopProperties) = preSolution
		description = CCS Interpreter and Verifier
	EndGlobalSection
EndGlobal
